// !$*UTF8*$!
{
	archiveVersion = 1;
	classes = {
	};
	objectVersion = 50;
	objects = {

/* Begin PBXBuildFile section */
		821E160721D7ED3F00E2D71A /* TokenDeserializer.swift in Sources */ = {isa = PBXBuildFile; fileRef = 821E160621D7ED3F00E2D71A /* TokenDeserializer.swift */; };
		821E162821DA9A3700E2D71A /* Main.storyboard in Resources */ = {isa = PBXBuildFile; fileRef = 821E162721DA9A3700E2D71A /* Main.storyboard */; };
		821E165621DAA54900E2D71A /* JwtDetailsViewController.swift in Sources */ = {isa = PBXBuildFile; fileRef = 821E165521DAA54900E2D71A /* JwtDetailsViewController.swift */; };
		822C7E8321DBB46D006DD285 /* JwtDetailsUpdate.swift in Sources */ = {isa = PBXBuildFile; fileRef = 822C7E8221DBB46D006DD285 /* JwtDetailsUpdate.swift */; };
		822C7E8521DBB929006DD285 /* JwtDetailsTableView.swift in Sources */ = {isa = PBXBuildFile; fileRef = 822C7E8421DBB929006DD285 /* JwtDetailsTableView.swift */; };
		82CAF46A21D7D41800FED241 /* AppDelegate.swift in Sources */ = {isa = PBXBuildFile; fileRef = 82CAF46921D7D41800FED241 /* AppDelegate.swift */; };
		82CAF46C21D7D41C00FED241 /* Assets.xcassets in Resources */ = {isa = PBXBuildFile; fileRef = 82CAF46B21D7D41C00FED241 /* Assets.xcassets */; };
		82CAF47B21D7D41C00FED241 /* JotTests.swift in Sources */ = {isa = PBXBuildFile; fileRef = 82CAF47A21D7D41C00FED241 /* JotTests.swift */; };
		82CAF48821D7D56D00FED241 /* Jwt.swift in Sources */ = {isa = PBXBuildFile; fileRef = 82CAF48721D7D56D00FED241 /* Jwt.swift */; };
		82CAF48B21D7D5B700FED241 /* Payload.swift in Sources */ = {isa = PBXBuildFile; fileRef = 82CAF48A21D7D5B700FED241 /* Payload.swift */; };
		82CAF48D21D7D60100FED241 /* Header.swift in Sources */ = {isa = PBXBuildFile; fileRef = 82CAF48C21D7D60000FED241 /* Header.swift */; };
		82CAF48F21D7D81800FED241 /* Signature.swift in Sources */ = {isa = PBXBuildFile; fileRef = 82CAF48E21D7D81800FED241 /* Signature.swift */; };
/* End PBXBuildFile section */

/* Begin PBXContainerItemProxy section */
		82CAF47721D7D41C00FED241 /* PBXContainerItemProxy */ = {
			isa = PBXContainerItemProxy;
			containerPortal = 82CAF45E21D7D41700FED241 /* Project object */;
			proxyType = 1;
			remoteGlobalIDString = 82CAF46521D7D41800FED241;
			remoteInfo = Jot;
		};
/* End PBXContainerItemProxy section */

/* Begin PBXFileReference section */
		821E160621D7ED3F00E2D71A /* TokenDeserializer.swift */ = {isa = PBXFileReference; lastKnownFileType = sourcecode.swift; path = TokenDeserializer.swift; sourceTree = "<group>"; };
		821E162721DA9A3700E2D71A /* Main.storyboard */ = {isa = PBXFileReference; lastKnownFileType = file.storyboard; path = Main.storyboard; sourceTree = "<group>"; };
		821E165521DAA54900E2D71A /* JwtDetailsViewController.swift */ = {isa = PBXFileReference; lastKnownFileType = sourcecode.swift; path = JwtDetailsViewController.swift; sourceTree = "<group>"; };
		822C7E8221DBB46D006DD285 /* JwtDetailsUpdate.swift */ = {isa = PBXFileReference; lastKnownFileType = sourcecode.swift; path = JwtDetailsUpdate.swift; sourceTree = "<group>"; };
		822C7E8421DBB929006DD285 /* JwtDetailsTableView.swift */ = {isa = PBXFileReference; lastKnownFileType = sourcecode.swift; path = JwtDetailsTableView.swift; sourceTree = "<group>"; };
		82CAF46621D7D41800FED241 /* Jot.app */ = {isa = PBXFileReference; explicitFileType = wrapper.application; includeInIndex = 0; path = Jot.app; sourceTree = BUILT_PRODUCTS_DIR; };
		82CAF46921D7D41800FED241 /* AppDelegate.swift */ = {isa = PBXFileReference; lastKnownFileType = sourcecode.swift; path = AppDelegate.swift; sourceTree = "<group>"; };
		82CAF46B21D7D41C00FED241 /* Assets.xcassets */ = {isa = PBXFileReference; lastKnownFileType = folder.assetcatalog; path = Assets.xcassets; sourceTree = "<group>"; };
		82CAF47021D7D41C00FED241 /* Info.plist */ = {isa = PBXFileReference; lastKnownFileType = text.plist.xml; path = Info.plist; sourceTree = "<group>"; };
		82CAF47121D7D41C00FED241 /* Jot.entitlements */ = {isa = PBXFileReference; lastKnownFileType = text.plist.entitlements; path = Jot.entitlements; sourceTree = "<group>"; };
		82CAF47621D7D41C00FED241 /* JotTests.xctest */ = {isa = PBXFileReference; explicitFileType = wrapper.cfbundle; includeInIndex = 0; path = JotTests.xctest; sourceTree = BUILT_PRODUCTS_DIR; };
		82CAF47A21D7D41C00FED241 /* JotTests.swift */ = {isa = PBXFileReference; lastKnownFileType = sourcecode.swift; path = JotTests.swift; sourceTree = "<group>"; };
		82CAF47C21D7D41C00FED241 /* Info.plist */ = {isa = PBXFileReference; lastKnownFileType = text.plist.xml; path = Info.plist; sourceTree = "<group>"; };
		82CAF48721D7D56D00FED241 /* Jwt.swift */ = {isa = PBXFileReference; lastKnownFileType = sourcecode.swift; path = Jwt.swift; sourceTree = "<group>"; };
		82CAF48A21D7D5B700FED241 /* Payload.swift */ = {isa = PBXFileReference; lastKnownFileType = sourcecode.swift; path = Payload.swift; sourceTree = "<group>"; };
		82CAF48C21D7D60000FED241 /* Header.swift */ = {isa = PBXFileReference; lastKnownFileType = sourcecode.swift; path = Header.swift; sourceTree = "<group>"; };
		82CAF48E21D7D81800FED241 /* Signature.swift */ = {isa = PBXFileReference; lastKnownFileType = sourcecode.swift; path = Signature.swift; sourceTree = "<group>"; };
/* End PBXFileReference section */

/* Begin PBXFrameworksBuildPhase section */
		82CAF46321D7D41800FED241 /* Frameworks */ = {
			isa = PBXFrameworksBuildPhase;
			buildActionMask = 2147483647;
			files = (
			);
			runOnlyForDeploymentPostprocessing = 0;
		};
		82CAF47321D7D41C00FED241 /* Frameworks */ = {
			isa = PBXFrameworksBuildPhase;
			buildActionMask = 2147483647;
			files = (
			);
			runOnlyForDeploymentPostprocessing = 0;
		};
/* End PBXFrameworksBuildPhase section */

/* Begin PBXGroup section */
		822C7E8121DBB43C006DD285 /* UI */ = {
			isa = PBXGroup;
			children = (
				821E165521DAA54900E2D71A /* JwtDetailsViewController.swift */,
				822C7E8221DBB46D006DD285 /* JwtDetailsUpdate.swift */,
				822C7E8421DBB929006DD285 /* JwtDetailsTableView.swift */,
			);
			path = UI;
			sourceTree = "<group>";
		};
		82CAF45D21D7D41700FED241 = {
			isa = PBXGroup;
			children = (
				82CAF46821D7D41800FED241 /* Jot */,
				82CAF47921D7D41C00FED241 /* JotTests */,
				82CAF46721D7D41800FED241 /* Products */,
			);
			sourceTree = "<group>";
		};
		82CAF46721D7D41800FED241 /* Products */ = {
			isa = PBXGroup;
			children = (
				82CAF46621D7D41800FED241 /* Jot.app */,
				82CAF47621D7D41C00FED241 /* JotTests.xctest */,
			);
			name = Products;
			sourceTree = "<group>";
		};
		82CAF46821D7D41800FED241 /* Jot */ = {
			isa = PBXGroup;
			children = (
				822C7E8121DBB43C006DD285 /* UI */,
				82CAF48621D7D54B00FED241 /* Signing */,
				82CAF48521D7D53C00FED241 /* Token */,
				82CAF46921D7D41800FED241 /* AppDelegate.swift */,
				82CAF46B21D7D41C00FED241 /* Assets.xcassets */,
				821E162721DA9A3700E2D71A /* Main.storyboard */,
				82CAF47021D7D41C00FED241 /* Info.plist */,
				82CAF47121D7D41C00FED241 /* Jot.entitlements */,
			);
			path = Jot;
			sourceTree = "<group>";
		};
		82CAF47921D7D41C00FED241 /* JotTests */ = {
			isa = PBXGroup;
			children = (
				82CAF47A21D7D41C00FED241 /* JotTests.swift */,
				82CAF47C21D7D41C00FED241 /* Info.plist */,
			);
			path = JotTests;
			sourceTree = "<group>";
		};
		82CAF48521D7D53C00FED241 /* Token */ = {
			isa = PBXGroup;
			children = (
				82CAF48721D7D56D00FED241 /* Jwt.swift */,
				82CAF48A21D7D5B700FED241 /* Payload.swift */,
				82CAF48C21D7D60000FED241 /* Header.swift */,
				82CAF48E21D7D81800FED241 /* Signature.swift */,
				821E160621D7ED3F00E2D71A /* TokenDeserializer.swift */,
			);
			path = Token;
			sourceTree = "<group>";
		};
		82CAF48621D7D54B00FED241 /* Signing */ = {
			isa = PBXGroup;
			children = (
			);
			path = Signing;
			sourceTree = "<group>";
		};
/* End PBXGroup section */

/* Begin PBXNativeTarget section */
		82CAF46521D7D41800FED241 /* Jot */ = {
			isa = PBXNativeTarget;
			buildConfigurationList = 82CAF47F21D7D41C00FED241 /* Build configuration list for PBXNativeTarget "Jot" */;
			buildPhases = (
				82CAF46221D7D41800FED241 /* Sources */,
				82CAF46321D7D41800FED241 /* Frameworks */,
				82CAF46421D7D41800FED241 /* Resources */,
			);
			buildRules = (
			);
			dependencies = (
			);
			name = Jot;
			productName = Jot;
			productReference = 82CAF46621D7D41800FED241 /* Jot.app */;
			productType = "com.apple.product-type.application";
		};
		82CAF47521D7D41C00FED241 /* JotTests */ = {
			isa = PBXNativeTarget;
			buildConfigurationList = 82CAF48221D7D41C00FED241 /* Build configuration list for PBXNativeTarget "JotTests" */;
			buildPhases = (
				82CAF47221D7D41C00FED241 /* Sources */,
				82CAF47321D7D41C00FED241 /* Frameworks */,
				82CAF47421D7D41C00FED241 /* Resources */,
			);
			buildRules = (
			);
			dependencies = (
				82CAF47821D7D41C00FED241 /* PBXTargetDependency */,
			);
			name = JotTests;
			productName = JotTests;
			productReference = 82CAF47621D7D41C00FED241 /* JotTests.xctest */;
			productType = "com.apple.product-type.bundle.unit-test";
		};
/* End PBXNativeTarget section */

/* Begin PBXProject section */
		82CAF45E21D7D41700FED241 /* Project object */ = {
			isa = PBXProject;
			attributes = {
				LastSwiftUpdateCheck = 1010;
				LastUpgradeCheck = 1010;
				ORGANIZATIONNAME = "James Griffin-Allwood";
				TargetAttributes = {
					82CAF46521D7D41800FED241 = {
						CreatedOnToolsVersion = 10.1;
						LastSwiftMigration = 1020;
						SystemCapabilities = {
							com.apple.HardenedRuntime = {
								enabled = 1;
							};
							com.apple.Sandbox = {
								enabled = 1;
							};
						};
					};
					82CAF47521D7D41C00FED241 = {
						CreatedOnToolsVersion = 10.1;
						LastSwiftMigration = 1020;
						TestTargetID = 82CAF46521D7D41800FED241;
					};
				};
			};
			buildConfigurationList = 82CAF46121D7D41800FED241 /* Build configuration list for PBXProject "Jot" */;
			compatibilityVersion = "Xcode 9.3";
			developmentRegion = en;
			hasScannedForEncodings = 0;
			knownRegions = (
				en,
				Base,
			);
			mainGroup = 82CAF45D21D7D41700FED241;
			productRefGroup = 82CAF46721D7D41800FED241 /* Products */;
			projectDirPath = "";
			projectRoot = "";
			targets = (
				82CAF46521D7D41800FED241 /* Jot */,
				82CAF47521D7D41C00FED241 /* JotTests */,
			);
		};
/* End PBXProject section */

/* Begin PBXResourcesBuildPhase section */
		82CAF46421D7D41800FED241 /* Resources */ = {
			isa = PBXResourcesBuildPhase;
			buildActionMask = 2147483647;
			files = (
				82CAF46C21D7D41C00FED241 /* Assets.xcassets in Resources */,
				821E162821DA9A3700E2D71A /* Main.storyboard in Resources */,
			);
			runOnlyForDeploymentPostprocessing = 0;
		};
		82CAF47421D7D41C00FED241 /* Resources */ = {
			isa = PBXResourcesBuildPhase;
			buildActionMask = 2147483647;
			files = (
			);
			runOnlyForDeploymentPostprocessing = 0;
		};
/* End PBXResourcesBuildPhase section */

/* Begin PBXSourcesBuildPhase section */
		82CAF46221D7D41800FED241 /* Sources */ = {
			isa = PBXSourcesBuildPhase;
			buildActionMask = 2147483647;
			files = (
				821E160721D7ED3F00E2D71A /* TokenDeserializer.swift in Sources */,
				82CAF48D21D7D60100FED241 /* Header.swift in Sources */,
				822C7E8521DBB929006DD285 /* JwtDetailsTableView.swift in Sources */,
				82CAF48B21D7D5B700FED241 /* Payload.swift in Sources */,
				82CAF46A21D7D41800FED241 /* AppDelegate.swift in Sources */,
				821E165621DAA54900E2D71A /* JwtDetailsViewController.swift in Sources */,
				82CAF48F21D7D81800FED241 /* Signature.swift in Sources */,
				82CAF48821D7D56D00FED241 /* Jwt.swift in Sources */,
				822C7E8321DBB46D006DD285 /* JwtDetailsUpdate.swift in Sources */,
			);
			runOnlyForDeploymentPostprocessing = 0;
		};
		82CAF47221D7D41C00FED241 /* Sources */ = {
			isa = PBXSourcesBuildPhase;
			buildActionMask = 2147483647;
			files = (
				82CAF47B21D7D41C00FED241 /* JotTests.swift in Sources */,
			);
			runOnlyForDeploymentPostprocessing = 0;
		};
/* End PBXSourcesBuildPhase section */

/* Begin PBXTargetDependency section */
		82CAF47821D7D41C00FED241 /* PBXTargetDependency */ = {
			isa = PBXTargetDependency;
			target = 82CAF46521D7D41800FED241 /* Jot */;
			targetProxy = 82CAF47721D7D41C00FED241 /* PBXContainerItemProxy */;
		};
/* End PBXTargetDependency section */

/* Begin XCBuildConfiguration section */
		82CAF47D21D7D41C00FED241 /* Debug */ = {
			isa = XCBuildConfiguration;
			buildSettings = {
				ALWAYS_SEARCH_USER_PATHS = NO;
				CLANG_ANALYZER_NONNULL = YES;
				CLANG_ANALYZER_NUMBER_OBJECT_CONVERSION = YES_AGGRESSIVE;
				CLANG_CXX_LANGUAGE_STANDARD = "gnu++14";
				CLANG_CXX_LIBRARY = "libc++";
				CLANG_ENABLE_MODULES = YES;
				CLANG_ENABLE_OBJC_ARC = YES;
				CLANG_ENABLE_OBJC_WEAK = YES;
				CLANG_WARN_BLOCK_CAPTURE_AUTORELEASING = YES;
				CLANG_WARN_BOOL_CONVERSION = YES;
				CLANG_WARN_COMMA = YES;
				CLANG_WARN_CONSTANT_CONVERSION = YES;
				CLANG_WARN_DEPRECATED_OBJC_IMPLEMENTATIONS = YES;
				CLANG_WARN_DIRECT_OBJC_ISA_USAGE = YES_ERROR;
				CLANG_WARN_DOCUMENTATION_COMMENTS = YES;
				CLANG_WARN_EMPTY_BODY = YES;
				CLANG_WARN_ENUM_CONVERSION = YES;
				CLANG_WARN_INFINITE_RECURSION = YES;
				CLANG_WARN_INT_CONVERSION = YES;
				CLANG_WARN_NON_LITERAL_NULL_CONVERSION = YES;
				CLANG_WARN_OBJC_IMPLICIT_RETAIN_SELF = YES;
				CLANG_WARN_OBJC_LITERAL_CONVERSION = YES;
				CLANG_WARN_OBJC_ROOT_CLASS = YES_ERROR;
				CLANG_WARN_RANGE_LOOP_ANALYSIS = YES;
				CLANG_WARN_STRICT_PROTOTYPES = YES;
				CLANG_WARN_SUSPICIOUS_MOVE = YES;
				CLANG_WARN_UNGUARDED_AVAILABILITY = YES_AGGRESSIVE;
				CLANG_WARN_UNREACHABLE_CODE = YES;
				CLANG_WARN__DUPLICATE_METHOD_MATCH = YES;
				CODE_SIGN_IDENTITY = "Mac Developer";
				COPY_PHASE_STRIP = NO;
				DEBUG_INFORMATION_FORMAT = dwarf;
				ENABLE_STRICT_OBJC_MSGSEND = YES;
				ENABLE_TESTABILITY = YES;
				GCC_C_LANGUAGE_STANDARD = gnu11;
				GCC_DYNAMIC_NO_PIC = NO;
				GCC_NO_COMMON_BLOCKS = YES;
				GCC_OPTIMIZATION_LEVEL = 0;
				GCC_PREPROCESSOR_DEFINITIONS = (
					"DEBUG=1",
					"$(inherited)",
				);
				GCC_WARN_64_TO_32_BIT_CONVERSION = YES;
				GCC_WARN_ABOUT_RETURN_TYPE = YES_ERROR;
				GCC_WARN_UNDECLARED_SELECTOR = YES;
				GCC_WARN_UNINITIALIZED_AUTOS = YES_AGGRESSIVE;
				GCC_WARN_UNUSED_FUNCTION = YES;
				GCC_WARN_UNUSED_VARIABLE = YES;
				MACOSX_DEPLOYMENT_TARGET = 10.14;
				MTL_ENABLE_DEBUG_INFO = INCLUDE_SOURCE;
				MTL_FAST_MATH = YES;
				ONLY_ACTIVE_ARCH = YES;
				SDKROOT = macosx;
				SWIFT_ACTIVE_COMPILATION_CONDITIONS = DEBUG;
				SWIFT_OPTIMIZATION_LEVEL = "-Onone";
			};
			name = Debug;
		};
		82CAF47E21D7D41C00FED241 /* Release */ = {
			isa = XCBuildConfiguration;
			buildSettings = {
				ALWAYS_SEARCH_USER_PATHS = NO;
				CLANG_ANALYZER_NONNULL = YES;
				CLANG_ANALYZER_NUMBER_OBJECT_CONVERSION = YES_AGGRESSIVE;
				CLANG_CXX_LANGUAGE_STANDARD = "gnu++14";
				CLANG_CXX_LIBRARY = "libc++";
				CLANG_ENABLE_MODULES = YES;
				CLANG_ENABLE_OBJC_ARC = YES;
				CLANG_ENABLE_OBJC_WEAK = YES;
				CLANG_WARN_BLOCK_CAPTURE_AUTORELEASING = YES;
				CLANG_WARN_BOOL_CONVERSION = YES;
				CLANG_WARN_COMMA = YES;
				CLANG_WARN_CONSTANT_CONVERSION = YES;
				CLANG_WARN_DEPRECATED_OBJC_IMPLEMENTATIONS = YES;
				CLANG_WARN_DIRECT_OBJC_ISA_USAGE = YES_ERROR;
				CLANG_WARN_DOCUMENTATION_COMMENTS = YES;
				CLANG_WARN_EMPTY_BODY = YES;
				CLANG_WARN_ENUM_CONVERSION = YES;
				CLANG_WARN_INFINITE_RECURSION = YES;
				CLANG_WARN_INT_CONVERSION = YES;
				CLANG_WARN_NON_LITERAL_NULL_CONVERSION = YES;
				CLANG_WARN_OBJC_IMPLICIT_RETAIN_SELF = YES;
				CLANG_WARN_OBJC_LITERAL_CONVERSION = YES;
				CLANG_WARN_OBJC_ROOT_CLASS = YES_ERROR;
				CLANG_WARN_RANGE_LOOP_ANALYSIS = YES;
				CLANG_WARN_STRICT_PROTOTYPES = YES;
				CLANG_WARN_SUSPICIOUS_MOVE = YES;
				CLANG_WARN_UNGUARDED_AVAILABILITY = YES_AGGRESSIVE;
				CLANG_WARN_UNREACHABLE_CODE = YES;
				CLANG_WARN__DUPLICATE_METHOD_MATCH = YES;
				CODE_SIGN_IDENTITY = "Mac Developer";
				COPY_PHASE_STRIP = NO;
				DEBUG_INFORMATION_FORMAT = "dwarf-with-dsym";
				ENABLE_NS_ASSERTIONS = NO;
				ENABLE_STRICT_OBJC_MSGSEND = YES;
				GCC_C_LANGUAGE_STANDARD = gnu11;
				GCC_NO_COMMON_BLOCKS = YES;
				GCC_WARN_64_TO_32_BIT_CONVERSION = YES;
				GCC_WARN_ABOUT_RETURN_TYPE = YES_ERROR;
				GCC_WARN_UNDECLARED_SELECTOR = YES;
				GCC_WARN_UNINITIALIZED_AUTOS = YES_AGGRESSIVE;
				GCC_WARN_UNUSED_FUNCTION = YES;
				GCC_WARN_UNUSED_VARIABLE = YES;
				MACOSX_DEPLOYMENT_TARGET = 10.14;
				MTL_ENABLE_DEBUG_INFO = NO;
				MTL_FAST_MATH = YES;
				SDKROOT = macosx;
				SWIFT_COMPILATION_MODE = wholemodule;
				SWIFT_OPTIMIZATION_LEVEL = "-O";
			};
			name = Release;
		};
		82CAF48021D7D41C00FED241 /* Debug */ = {
			isa = XCBuildConfiguration;
			buildSettings = {
				ASSETCATALOG_COMPILER_APPICON_NAME = AppIcon;
				CODE_SIGN_ENTITLEMENTS = Jot/Jot.entitlements;
				CODE_SIGN_STYLE = Automatic;
				COMBINE_HIDPI_IMAGES = YES;
				DEVELOPMENT_TEAM = TQ65TXGTY3;
				ENABLE_HARDENED_RUNTIME = YES;
				INFOPLIST_FILE = Jot/Info.plist;
				LD_RUNPATH_SEARCH_PATHS = (
					"$(inherited)",
					"@executable_path/../Frameworks",
				);
				PRODUCT_BUNDLE_IDENTIFIER = ca.unsupervised.Jot;
				PRODUCT_NAME = "$(TARGET_NAME)";
				SWIFT_VERSION = 5.0;
			};
			name = Debug;
		};
		82CAF48121D7D41C00FED241 /* Release */ = {
			isa = XCBuildConfiguration;
			buildSettings = {
				ASSETCATALOG_COMPILER_APPICON_NAME = AppIcon;
				CODE_SIGN_ENTITLEMENTS = Jot/Jot.entitlements;
				CODE_SIGN_STYLE = Automatic;
				COMBINE_HIDPI_IMAGES = YES;
				DEVELOPMENT_TEAM = TQ65TXGTY3;
				ENABLE_HARDENED_RUNTIME = YES;
				INFOPLIST_FILE = Jot/Info.plist;
				LD_RUNPATH_SEARCH_PATHS = (
					"$(inherited)",
					"@executable_path/../Frameworks",
				);
				PRODUCT_BUNDLE_IDENTIFIER = ca.unsupervised.Jot;
				PRODUCT_NAME = "$(TARGET_NAME)";
				SWIFT_VERSION = 5.0;
			};
			name = Release;
		};
		82CAF48321D7D41C00FED241 /* Debug */ = {
			isa = XCBuildConfiguration;
			buildSettings = {
				ALWAYS_EMBED_SWIFT_STANDARD_LIBRARIES = YES;
				BUNDLE_LOADER = "$(TEST_HOST)";
				CODE_SIGN_STYLE = Automatic;
				COMBINE_HIDPI_IMAGES = YES;
				DEVELOPMENT_TEAM = TQ65TXGTY3;
				INFOPLIST_FILE = JotTests/Info.plist;
				LD_RUNPATH_SEARCH_PATHS = (
					"$(inherited)",
					"@executable_path/../Frameworks",
					"@loader_path/../Frameworks",
				);
				PRODUCT_BUNDLE_IDENTIFIER = ca.unsupervised.JotTests;
				PRODUCT_NAME = "$(TARGET_NAME)";
				SWIFT_VERSION = 5.0;
				TEST_HOST = "$(BUILT_PRODUCTS_DIR)/Jot.app/Contents/MacOS/Jot";
			};
			name = Debug;
		};
		82CAF48421D7D41C00FED241 /* Release */ = {
			isa = XCBuildConfiguration;
			buildSettings = {
				ALWAYS_EMBED_SWIFT_STANDARD_LIBRARIES = YES;
				BUNDLE_LOADER = "$(TEST_HOST)";
				CODE_SIGN_STYLE = Automatic;
				COMBINE_HIDPI_IMAGES = YES;
				DEVELOPMENT_TEAM = TQ65TXGTY3;
				INFOPLIST_FILE = JotTests/Info.plist;
				LD_RUNPATH_SEARCH_PATHS = (
					"$(inherited)",
					"@executable_path/../Frameworks",
					"@loader_path/../Frameworks",
				);
				PRODUCT_BUNDLE_IDENTIFIER = ca.unsupervised.JotTests;
				PRODUCT_NAME = "$(TARGET_NAME)";
				SWIFT_VERSION = 5.0;
				TEST_HOST = "$(BUILT_PRODUCTS_DIR)/Jot.app/Contents/MacOS/Jot";
			};
			name = Release;
		};
/* End XCBuildConfiguration section */

/* Begin XCConfigurationList section */
		82CAF46121D7D41800FED241 /* Build configuration list for PBXProject "Jot" */ = {
			isa = XCConfigurationList;
			buildConfigurations = (
				82CAF47D21D7D41C00FED241 /* Debug */,
				82CAF47E21D7D41C00FED241 /* Release */,
			);
			defaultConfigurationIsVisible = 0;
			defaultConfigurationName = Release;
		};
		82CAF47F21D7D41C00FED241 /* Build configuration list for PBXNativeTarget "Jot" */ = {
			isa = XCConfigurationList;
			buildConfigurations = (
				82CAF48021D7D41C00FED241 /* Debug */,
				82CAF48121D7D41C00FED241 /* Release */,
			);
			defaultConfigurationIsVisible = 0;
			defaultConfigurationName = Release;
		};
		82CAF48221D7D41C00FED241 /* Build configuration list for PBXNativeTarget "JotTests" */ = {
			isa = XCConfigurationList;
			buildConfigurations = (
				82CAF48321D7D41C00FED241 /* Debug */,
				82CAF48421D7D41C00FED241 /* Release */,
			);
			defaultConfigurationIsVisible = 0;
			defaultConfigurationName = Release;
		};
/* End XCConfigurationList section */
	};
	rootObject = 82CAF45E21D7D41700FED241 /* Project object */;
}
